// !$*UTF8*$!
{
	archiveVersion = 1;
	classes = {
	};
	objectVersion = 77;
	objects = {

/* Begin PBXBuildFile section */
		E4DF1AA52D07188C00C24161 /* LaTeXSwiftUI in Frameworks */ = {isa = PBXBuildFile; productRef = E4DF1AA42D07188C00C24161 /* LaTeXSwiftUI */; };
/* End PBXBuildFile section */

/* Begin PBXContainerItemProxy section */
		E4DF1A732D0712DC00C24161 /* PBXContainerItemProxy */ = {
			isa = PBXContainerItemProxy;
			containerPortal = E4DF1A5A2D0712DC00C24161 /* Project object */;
			proxyType = 1;
			remoteGlobalIDString = E4DF1A612D0712DC00C24161;
			remoteInfo = QueueingModels;
		};
		E4DF1A7D2D0712DD00C24161 /* PBXContainerItemProxy */ = {
			isa = PBXContainerItemProxy;
			containerPortal = E4DF1A5A2D0712DC00C24161 /* Project object */;
			proxyType = 1;
			remoteGlobalIDString = E4DF1A612D0712DC00C24161;
			remoteInfo = QueueingModels;
		};
/* End PBXContainerItemProxy section */

/* Begin PBXFileReference section */
		E4DF1A622D0712DC00C24161 /* EngineeringTools.app */ = {isa = PBXFileReference; explicitFileType = wrapper.application; includeInIndex = 0; path = EngineeringTools.app; sourceTree = BUILT_PRODUCTS_DIR; };
		E4DF1A722D0712DC00C24161 /* EngineeringToolsTests.xctest */ = {isa = PBXFileReference; explicitFileType = wrapper.cfbundle; includeInIndex = 0; path = EngineeringToolsTests.xctest; sourceTree = BUILT_PRODUCTS_DIR; };
		E4DF1A7C2D0712DD00C24161 /* EngineeringToolsUITests.xctest */ = {isa = PBXFileReference; explicitFileType = wrapper.cfbundle; includeInIndex = 0; path = EngineeringToolsUITests.xctest; sourceTree = BUILT_PRODUCTS_DIR; };
/* End PBXFileReference section */

/* Begin PBXFileSystemSynchronizedRootGroup section */
		E4DF1A642D0712DC00C24161 /* EngineeringTools */ = {
			isa = PBXFileSystemSynchronizedRootGroup;
			path = EngineeringTools;
			sourceTree = "<group>";
		};
		E4DF1A752D0712DD00C24161 /* QueueingModelsTests */ = {
			isa = PBXFileSystemSynchronizedRootGroup;
			path = QueueingModelsTests;
			sourceTree = "<group>";
		};
		E4DF1A7F2D0712DD00C24161 /* QueueingModelsUITests */ = {
			isa = PBXFileSystemSynchronizedRootGroup;
			path = QueueingModelsUITests;
			sourceTree = "<group>";
		};
/* End PBXFileSystemSynchronizedRootGroup section */

/* Begin PBXFrameworksBuildPhase section */
		E4DF1A5F2D0712DC00C24161 /* Frameworks */ = {
			isa = PBXFrameworksBuildPhase;
			buildActionMask = 2147483647;
			files = (
				E4DF1AA52D07188C00C24161 /* LaTeXSwiftUI in Frameworks */,
			);
			runOnlyForDeploymentPostprocessing = 0;
		};
		E4DF1A6F2D0712DC00C24161 /* Frameworks */ = {
			isa = PBXFrameworksBuildPhase;
			buildActionMask = 2147483647;
			files = (
			);
			runOnlyForDeploymentPostprocessing = 0;
		};
		E4DF1A792D0712DD00C24161 /* Frameworks */ = {
			isa = PBXFrameworksBuildPhase;
			buildActionMask = 2147483647;
			files = (
			);
			runOnlyForDeploymentPostprocessing = 0;
		};
/* End PBXFrameworksBuildPhase section */

/* Begin PBXGroup section */
		E4DF1A592D0712DC00C24161 = {
			isa = PBXGroup;
			children = (
				E4DF1A642D0712DC00C24161 /* EngineeringTools */,
				E4DF1A752D0712DD00C24161 /* QueueingModelsTests */,
				E4DF1A7F2D0712DD00C24161 /* QueueingModelsUITests */,
				E4DF1A632D0712DC00C24161 /* Products */,
			);
			sourceTree = "<group>";
		};
		E4DF1A632D0712DC00C24161 /* Products */ = {
			isa = PBXGroup;
			children = (
				E4DF1A622D0712DC00C24161 /* EngineeringTools.app */,
				E4DF1A722D0712DC00C24161 /* EngineeringToolsTests.xctest */,
				E4DF1A7C2D0712DD00C24161 /* EngineeringToolsUITests.xctest */,
			);
			name = Products;
			sourceTree = "<group>";
		};
/* End PBXGroup section */

/* Begin PBXNativeTarget section */
		E4DF1A612D0712DC00C24161 /* EngineeringTools */ = {
			isa = PBXNativeTarget;
			buildConfigurationList = E4DF1A862D0712DD00C24161 /* Build configuration list for PBXNativeTarget "EngineeringTools" */;
			buildPhases = (
				E4DF1A5E2D0712DC00C24161 /* Sources */,
				E4DF1A5F2D0712DC00C24161 /* Frameworks */,
				E4DF1A602D0712DC00C24161 /* Resources */,
			);
			buildRules = (
			);
			dependencies = (
			);
			fileSystemSynchronizedGroups = (
				E4DF1A642D0712DC00C24161 /* EngineeringTools */,
			);
			name = EngineeringTools;
			packageProductDependencies = (
				E4DF1AA42D07188C00C24161 /* LaTeXSwiftUI */,
			);
			productName = QueueingModels;
			productReference = E4DF1A622D0712DC00C24161 /* EngineeringTools.app */;
			productType = "com.apple.product-type.application";
		};
		E4DF1A712D0712DC00C24161 /* EngineeringToolsTests */ = {
			isa = PBXNativeTarget;
			buildConfigurationList = E4DF1A892D0712DD00C24161 /* Build configuration list for PBXNativeTarget "EngineeringToolsTests" */;
			buildPhases = (
				E4DF1A6E2D0712DC00C24161 /* Sources */,
				E4DF1A6F2D0712DC00C24161 /* Frameworks */,
				E4DF1A702D0712DC00C24161 /* Resources */,
			);
			buildRules = (
			);
			dependencies = (
				E4DF1A742D0712DC00C24161 /* PBXTargetDependency */,
			);
			fileSystemSynchronizedGroups = (
				E4DF1A752D0712DD00C24161 /* QueueingModelsTests */,
			);
			name = EngineeringToolsTests;
			packageProductDependencies = (
			);
			productName = QueueingModelsTests;
			productReference = E4DF1A722D0712DC00C24161 /* EngineeringToolsTests.xctest */;
			productType = "com.apple.product-type.bundle.unit-test";
		};
		E4DF1A7B2D0712DD00C24161 /* EngineeringToolsUITests */ = {
			isa = PBXNativeTarget;
			buildConfigurationList = E4DF1A8C2D0712DD00C24161 /* Build configuration list for PBXNativeTarget "EngineeringToolsUITests" */;
			buildPhases = (
				E4DF1A782D0712DD00C24161 /* Sources */,
				E4DF1A792D0712DD00C24161 /* Frameworks */,
				E4DF1A7A2D0712DD00C24161 /* Resources */,
			);
			buildRules = (
			);
			dependencies = (
				E4DF1A7E2D0712DD00C24161 /* PBXTargetDependency */,
			);
			fileSystemSynchronizedGroups = (
				E4DF1A7F2D0712DD00C24161 /* QueueingModelsUITests */,
			);
			name = EngineeringToolsUITests;
			packageProductDependencies = (
			);
			productName = QueueingModelsUITests;
			productReference = E4DF1A7C2D0712DD00C24161 /* EngineeringToolsUITests.xctest */;
			productType = "com.apple.product-type.bundle.ui-testing";
		};
/* End PBXNativeTarget section */

/* Begin PBXProject section */
		E4DF1A5A2D0712DC00C24161 /* Project object */ = {
			isa = PBXProject;
			attributes = {
				BuildIndependentTargetsInParallel = 1;
				LastSwiftUpdateCheck = 1610;
				LastUpgradeCheck = 1610;
				TargetAttributes = {
					E4DF1A612D0712DC00C24161 = {
						CreatedOnToolsVersion = 16.1;
					};
					E4DF1A712D0712DC00C24161 = {
						CreatedOnToolsVersion = 16.1;
						TestTargetID = E4DF1A612D0712DC00C24161;
					};
					E4DF1A7B2D0712DD00C24161 = {
						CreatedOnToolsVersion = 16.1;
						TestTargetID = E4DF1A612D0712DC00C24161;
					};
				};
			};
			buildConfigurationList = E4DF1A5D2D0712DC00C24161 /* Build configuration list for PBXProject "EngineeringTools" */;
			developmentRegion = en;
			hasScannedForEncodings = 0;
			knownRegions = (
				en,
				Base,
			);
			mainGroup = E4DF1A592D0712DC00C24161;
			minimizedProjectReferenceProxies = 1;
			packageReferences = (
				E4DF1AA32D07188C00C24161 /* XCRemoteSwiftPackageReference "LaTeXSwiftUI" */,
			);
			preferredProjectObjectVersion = 77;
			productRefGroup = E4DF1A632D0712DC00C24161 /* Products */;
			projectDirPath = "";
			projectRoot = "";
			targets = (
				E4DF1A612D0712DC00C24161 /* EngineeringTools */,
				E4DF1A712D0712DC00C24161 /* EngineeringToolsTests */,
				E4DF1A7B2D0712DD00C24161 /* EngineeringToolsUITests */,
			);
		};
/* End PBXProject section */

/* Begin PBXResourcesBuildPhase section */
		E4DF1A602D0712DC00C24161 /* Resources */ = {
			isa = PBXResourcesBuildPhase;
			buildActionMask = 2147483647;
			files = (
			);
			runOnlyForDeploymentPostprocessing = 0;
		};
		E4DF1A702D0712DC00C24161 /* Resources */ = {
			isa = PBXResourcesBuildPhase;
			buildActionMask = 2147483647;
			files = (
			);
			runOnlyForDeploymentPostprocessing = 0;
		};
		E4DF1A7A2D0712DD00C24161 /* Resources */ = {
			isa = PBXResourcesBuildPhase;
			buildActionMask = 2147483647;
			files = (
			);
			runOnlyForDeploymentPostprocessing = 0;
		};
/* End PBXResourcesBuildPhase section */

/* Begin PBXSourcesBuildPhase section */
		E4DF1A5E2D0712DC00C24161 /* Sources */ = {
			isa = PBXSourcesBuildPhase;
			buildActionMask = 2147483647;
			files = (
			);
			runOnlyForDeploymentPostprocessing = 0;
		};
		E4DF1A6E2D0712DC00C24161 /* Sources */ = {
			isa = PBXSourcesBuildPhase;
			buildActionMask = 2147483647;
			files = (
			);
			runOnlyForDeploymentPostprocessing = 0;
		};
		E4DF1A782D0712DD00C24161 /* Sources */ = {
			isa = PBXSourcesBuildPhase;
			buildActionMask = 2147483647;
			files = (
			);
			runOnlyForDeploymentPostprocessing = 0;
		};
/* End PBXSourcesBuildPhase section */

/* Begin PBXTargetDependency section */
		E4DF1A742D0712DC00C24161 /* PBXTargetDependency */ = {
			isa = PBXTargetDependency;
			target = E4DF1A612D0712DC00C24161 /* EngineeringTools */;
			targetProxy = E4DF1A732D0712DC00C24161 /* PBXContainerItemProxy */;
		};
		E4DF1A7E2D0712DD00C24161 /* PBXTargetDependency */ = {
			isa = PBXTargetDependency;
			target = E4DF1A612D0712DC00C24161 /* EngineeringTools */;
			targetProxy = E4DF1A7D2D0712DD00C24161 /* PBXContainerItemProxy */;
		};
/* End PBXTargetDependency section */

/* Begin XCBuildConfiguration section */
		E4DF1A842D0712DD00C24161 /* Debug */ = {
			isa = XCBuildConfiguration;
			buildSettings = {
				ALWAYS_SEARCH_USER_PATHS = NO;
				ASSETCATALOG_COMPILER_GENERATE_SWIFT_ASSET_SYMBOL_EXTENSIONS = YES;
				CLANG_ANALYZER_NONNULL = YES;
				CLANG_ANALYZER_NUMBER_OBJECT_CONVERSION = YES_AGGRESSIVE;
				CLANG_CXX_LANGUAGE_STANDARD = "gnu++20";
				CLANG_ENABLE_MODULES = YES;
				CLANG_ENABLE_OBJC_ARC = YES;
				CLANG_ENABLE_OBJC_WEAK = YES;
				CLANG_WARN_BLOCK_CAPTURE_AUTORELEASING = YES;
				CLANG_WARN_BOOL_CONVERSION = YES;
				CLANG_WARN_COMMA = YES;
				CLANG_WARN_CONSTANT_CONVERSION = YES;
				CLANG_WARN_DEPRECATED_OBJC_IMPLEMENTATIONS = YES;
				CLANG_WARN_DIRECT_OBJC_ISA_USAGE = YES_ERROR;
				CLANG_WARN_DOCUMENTATION_COMMENTS = YES;
				CLANG_WARN_EMPTY_BODY = YES;
				CLANG_WARN_ENUM_CONVERSION = YES;
				CLANG_WARN_INFINITE_RECURSION = YES;
				CLANG_WARN_INT_CONVERSION = YES;
				CLANG_WARN_NON_LITERAL_NULL_CONVERSION = YES;
				CLANG_WARN_OBJC_IMPLICIT_RETAIN_SELF = YES;
				CLANG_WARN_OBJC_LITERAL_CONVERSION = YES;
				CLANG_WARN_OBJC_ROOT_CLASS = YES_ERROR;
				CLANG_WARN_QUOTED_INCLUDE_IN_FRAMEWORK_HEADER = YES;
				CLANG_WARN_RANGE_LOOP_ANALYSIS = YES;
				CLANG_WARN_STRICT_PROTOTYPES = YES;
				CLANG_WARN_SUSPICIOUS_MOVE = YES;
				CLANG_WARN_UNGUARDED_AVAILABILITY = YES_AGGRESSIVE;
				CLANG_WARN_UNREACHABLE_CODE = YES;
				CLANG_WARN__DUPLICATE_METHOD_MATCH = YES;
				COPY_PHASE_STRIP = NO;
				DEBUG_INFORMATION_FORMAT = dwarf;
				ENABLE_STRICT_OBJC_MSGSEND = YES;
				ENABLE_TESTABILITY = YES;
				ENABLE_USER_SCRIPT_SANDBOXING = YES;
				GCC_C_LANGUAGE_STANDARD = gnu17;
				GCC_DYNAMIC_NO_PIC = NO;
				GCC_NO_COMMON_BLOCKS = YES;
				GCC_OPTIMIZATION_LEVEL = 0;
				GCC_PREPROCESSOR_DEFINITIONS = (
					"DEBUG=1",
					"$(inherited)",
				);
				GCC_WARN_64_TO_32_BIT_CONVERSION = YES;
				GCC_WARN_ABOUT_RETURN_TYPE = YES_ERROR;
				GCC_WARN_UNDECLARED_SELECTOR = YES;
				GCC_WARN_UNINITIALIZED_AUTOS = YES_AGGRESSIVE;
				GCC_WARN_UNUSED_FUNCTION = YES;
				GCC_WARN_UNUSED_VARIABLE = YES;
				IPHONEOS_DEPLOYMENT_TARGET = 18.1;
				LOCALIZATION_PREFERS_STRING_CATALOGS = YES;
				MTL_ENABLE_DEBUG_INFO = INCLUDE_SOURCE;
				MTL_FAST_MATH = YES;
				ONLY_ACTIVE_ARCH = YES;
				SDKROOT = iphoneos;
				SWIFT_ACTIVE_COMPILATION_CONDITIONS = "DEBUG $(inherited)";
				SWIFT_OPTIMIZATION_LEVEL = "-Onone";
			};
			name = Debug;
		};
		E4DF1A852D0712DD00C24161 /* Release */ = {
			isa = XCBuildConfiguration;
			buildSettings = {
				ALWAYS_SEARCH_USER_PATHS = NO;
				ASSETCATALOG_COMPILER_GENERATE_SWIFT_ASSET_SYMBOL_EXTENSIONS = YES;
				CLANG_ANALYZER_NONNULL = YES;
				CLANG_ANALYZER_NUMBER_OBJECT_CONVERSION = YES_AGGRESSIVE;
				CLANG_CXX_LANGUAGE_STANDARD = "gnu++20";
				CLANG_ENABLE_MODULES = YES;
				CLANG_ENABLE_OBJC_ARC = YES;
				CLANG_ENABLE_OBJC_WEAK = YES;
				CLANG_WARN_BLOCK_CAPTURE_AUTORELEASING = YES;
				CLANG_WARN_BOOL_CONVERSION = YES;
				CLANG_WARN_COMMA = YES;
				CLANG_WARN_CONSTANT_CONVERSION = YES;
				CLANG_WARN_DEPRECATED_OBJC_IMPLEMENTATIONS = YES;
				CLANG_WARN_DIRECT_OBJC_ISA_USAGE = YES_ERROR;
				CLANG_WARN_DOCUMENTATION_COMMENTS = YES;
				CLANG_WARN_EMPTY_BODY = YES;
				CLANG_WARN_ENUM_CONVERSION = YES;
				CLANG_WARN_INFINITE_RECURSION = YES;
				CLANG_WARN_INT_CONVERSION = YES;
				CLANG_WARN_NON_LITERAL_NULL_CONVERSION = YES;
				CLANG_WARN_OBJC_IMPLICIT_RETAIN_SELF = YES;
				CLANG_WARN_OBJC_LITERAL_CONVERSION = YES;
				CLANG_WARN_OBJC_ROOT_CLASS = YES_ERROR;
				CLANG_WARN_QUOTED_INCLUDE_IN_FRAMEWORK_HEADER = YES;
				CLANG_WARN_RANGE_LOOP_ANALYSIS = YES;
				CLANG_WARN_STRICT_PROTOTYPES = YES;
				CLANG_WARN_SUSPICIOUS_MOVE = YES;
				CLANG_WARN_UNGUARDED_AVAILABILITY = YES_AGGRESSIVE;
				CLANG_WARN_UNREACHABLE_CODE = YES;
				CLANG_WARN__DUPLICATE_METHOD_MATCH = YES;
				COPY_PHASE_STRIP = NO;
				DEBUG_INFORMATION_FORMAT = "dwarf-with-dsym";
				ENABLE_NS_ASSERTIONS = NO;
				ENABLE_STRICT_OBJC_MSGSEND = YES;
				ENABLE_USER_SCRIPT_SANDBOXING = YES;
				GCC_C_LANGUAGE_STANDARD = gnu17;
				GCC_NO_COMMON_BLOCKS = YES;
				GCC_WARN_64_TO_32_BIT_CONVERSION = YES;
				GCC_WARN_ABOUT_RETURN_TYPE = YES_ERROR;
				GCC_WARN_UNDECLARED_SELECTOR = YES;
				GCC_WARN_UNINITIALIZED_AUTOS = YES_AGGRESSIVE;
				GCC_WARN_UNUSED_FUNCTION = YES;
				GCC_WARN_UNUSED_VARIABLE = YES;
				IPHONEOS_DEPLOYMENT_TARGET = 18.1;
				LOCALIZATION_PREFERS_STRING_CATALOGS = YES;
				MTL_ENABLE_DEBUG_INFO = NO;
				MTL_FAST_MATH = YES;
				SDKROOT = iphoneos;
				SWIFT_COMPILATION_MODE = wholemodule;
				VALIDATE_PRODUCT = YES;
			};
			name = Release;
		};
		E4DF1A872D0712DD00C24161 /* Debug */ = {
			isa = XCBuildConfiguration;
			buildSettings = {
				ASSETCATALOG_COMPILER_APPICON_NAME = AppIcon;
				ASSETCATALOG_COMPILER_GLOBAL_ACCENT_COLOR_NAME = AccentColor;
				CODE_SIGN_STYLE = Automatic;
				CURRENT_PROJECT_VERSION = 1;
				DEVELOPMENT_ASSET_PATHS = "\"EngineeringTools/Preview Content\"";
				DEVELOPMENT_TEAM = 6VU6999229;
				ENABLE_PREVIEWS = YES;
				GENERATE_INFOPLIST_FILE = YES;
				INFOPLIST_KEY_CFBundleDisplayName = "IE-Engineering-Tools";
				INFOPLIST_KEY_UIApplicationSceneManifest_Generation = YES;
				INFOPLIST_KEY_UIApplicationSupportsIndirectInputEvents = YES;
				INFOPLIST_KEY_UILaunchScreen_Generation = YES;
				INFOPLIST_KEY_UISupportedInterfaceOrientations_iPad = "UIInterfaceOrientationPortrait UIInterfaceOrientationPortraitUpsideDown UIInterfaceOrientationLandscapeLeft UIInterfaceOrientationLandscapeRight";
				INFOPLIST_KEY_UISupportedInterfaceOrientations_iPhone = "UIInterfaceOrientationPortrait UIInterfaceOrientationLandscapeLeft UIInterfaceOrientationLandscapeRight";
				LD_RUNPATH_SEARCH_PATHS = (
					"$(inherited)",
					"@executable_path/Frameworks",
				);
				MARKETING_VERSION = 1.0;
				PRODUCT_BUNDLE_IDENTIFIER = "me.sketch.engineering-tools";
				PRODUCT_NAME = "$(TARGET_NAME)";
				SWIFT_EMIT_LOC_STRINGS = YES;
				SWIFT_VERSION = 5.0;
				TARGETED_DEVICE_FAMILY = "1,2";
			};
			name = Debug;
		};
		E4DF1A882D0712DD00C24161 /* Release */ = {
			isa = XCBuildConfiguration;
			buildSettings = {
				ASSETCATALOG_COMPILER_APPICON_NAME = AppIcon;
				ASSETCATALOG_COMPILER_GLOBAL_ACCENT_COLOR_NAME = AccentColor;
				CODE_SIGN_STYLE = Automatic;
				CURRENT_PROJECT_VERSION = 1;
				DEVELOPMENT_ASSET_PATHS = "\"EngineeringTools/Preview Content\"";
				DEVELOPMENT_TEAM = 6VU6999229;
				ENABLE_PREVIEWS = YES;
				GENERATE_INFOPLIST_FILE = YES;
				INFOPLIST_KEY_CFBundleDisplayName = "IE-Engineering-Tools";
				INFOPLIST_KEY_UIApplicationSceneManifest_Generation = YES;
				INFOPLIST_KEY_UIApplicationSupportsIndirectInputEvents = YES;
				INFOPLIST_KEY_UILaunchScreen_Generation = YES;
				INFOPLIST_KEY_UISupportedInterfaceOrientations_iPad = "UIInterfaceOrientationPortrait UIInterfaceOrientationPortraitUpsideDown UIInterfaceOrientationLandscapeLeft UIInterfaceOrientationLandscapeRight";
				INFOPLIST_KEY_UISupportedInterfaceOrientations_iPhone = "UIInterfaceOrientationPortrait UIInterfaceOrientationLandscapeLeft UIInterfaceOrientationLandscapeRight";
				LD_RUNPATH_SEARCH_PATHS = (
					"$(inherited)",
					"@executable_path/Frameworks",
				);
				MARKETING_VERSION = 1.0;
				PRODUCT_BUNDLE_IDENTIFIER = "me.sketch.engineering-tools";
				PRODUCT_NAME = "$(TARGET_NAME)";
				SWIFT_EMIT_LOC_STRINGS = YES;
				SWIFT_VERSION = 5.0;
				TARGETED_DEVICE_FAMILY = "1,2";
			};
			name = Release;
		};
		E4DF1A8A2D0712DD00C24161 /* Debug */ = {
			isa = XCBuildConfiguration;
			buildSettings = {
				BUNDLE_LOADER = "$(TEST_HOST)";
				CODE_SIGN_STYLE = Automatic;
				CURRENT_PROJECT_VERSION = 1;
				DEVELOPMENT_TEAM = 6VU6999229;
				GENERATE_INFOPLIST_FILE = YES;
				IPHONEOS_DEPLOYMENT_TARGET = 18.1;
				MARKETING_VERSION = 1.0;
				PRODUCT_BUNDLE_IDENTIFIER = me.sketch.QueueingModelsTests;
				PRODUCT_NAME = "$(TARGET_NAME)";
				SWIFT_EMIT_LOC_STRINGS = NO;
				SWIFT_VERSION = 5.0;
				TARGETED_DEVICE_FAMILY = "1,2";
				TEST_HOST = "$(BUILT_PRODUCTS_DIR)/EngineeringTools.app/$(BUNDLE_EXECUTABLE_FOLDER_PATH)/EngineeringTools";
			};
			name = Debug;
		};
		E4DF1A8B2D0712DD00C24161 /* Release */ = {
			isa = XCBuildConfiguration;
			buildSettings = {
				BUNDLE_LOADER = "$(TEST_HOST)";
				CODE_SIGN_STYLE = Automatic;
				CURRENT_PROJECT_VERSION = 1;
				DEVELOPMENT_TEAM = 6VU6999229;
				GENERATE_INFOPLIST_FILE = YES;
				IPHONEOS_DEPLOYMENT_TARGET = 18.1;
				MARKETING_VERSION = 1.0;
				PRODUCT_BUNDLE_IDENTIFIER = me.sketch.QueueingModelsTests;
				PRODUCT_NAME = "$(TARGET_NAME)";
				SWIFT_EMIT_LOC_STRINGS = NO;
				SWIFT_VERSION = 5.0;
				TARGETED_DEVICE_FAMILY = "1,2";
				TEST_HOST = "$(BUILT_PRODUCTS_DIR)/EngineeringTools.app/$(BUNDLE_EXECUTABLE_FOLDER_PATH)/EngineeringTools";
			};
			name = Release;
		};
		E4DF1A8D2D0712DD00C24161 /* Debug */ = {
			isa = XCBuildConfiguration;
			buildSettings = {
				CODE_SIGN_STYLE = Automatic;
				CURRENT_PROJECT_VERSION = 1;
				DEVELOPMENT_TEAM = 6VU6999229;
				GENERATE_INFOPLIST_FILE = YES;
				MARKETING_VERSION = 1.0;
				PRODUCT_BUNDLE_IDENTIFIER = me.sketch.QueueingModelsUITests;
				PRODUCT_NAME = "$(TARGET_NAME)";
				SWIFT_EMIT_LOC_STRINGS = NO;
				SWIFT_VERSION = 5.0;
				TARGETED_DEVICE_FAMILY = "1,2";
				TEST_TARGET_NAME = QueueingModels;
			};
			name = Debug;
		};
		E4DF1A8E2D0712DD00C24161 /* Release */ = {
			isa = XCBuildConfiguration;
			buildSettings = {
				CODE_SIGN_STYLE = Automatic;
				CURRENT_PROJECT_VERSION = 1;
				DEVELOPMENT_TEAM = 6VU6999229;
				GENERATE_INFOPLIST_FILE = YES;
				MARKETING_VERSION = 1.0;
				PRODUCT_BUNDLE_IDENTIFIER = me.sketch.QueueingModelsUITests;
				PRODUCT_NAME = "$(TARGET_NAME)";
				SWIFT_EMIT_LOC_STRINGS = NO;
				SWIFT_VERSION = 5.0;
				TARGETED_DEVICE_FAMILY = "1,2";
				TEST_TARGET_NAME = QueueingModels;
			};
			name = Release;
		};
/* End XCBuildConfiguration section */

/* Begin XCConfigurationList section */
		E4DF1A5D2D0712DC00C24161 /* Build configuration list for PBXProject "EngineeringTools" */ = {
			isa = XCConfigurationList;
			buildConfigurations = (
				E4DF1A842D0712DD00C24161 /* Debug */,
				E4DF1A852D0712DD00C24161 /* Release */,
			);
			defaultConfigurationIsVisible = 0;
			defaultConfigurationName = Release;
		};
		E4DF1A862D0712DD00C24161 /* Build configuration list for PBXNativeTarget "EngineeringTools" */ = {
			isa = XCConfigurationList;
			buildConfigurations = (
				E4DF1A872D0712DD00C24161 /* Debug */,
				E4DF1A882D0712DD00C24161 /* Release */,
			);
			defaultConfigurationIsVisible = 0;
			defaultConfigurationName = Release;
		};
		E4DF1A892D0712DD00C24161 /* Build configuration list for PBXNativeTarget "EngineeringToolsTests" */ = {
			isa = XCConfigurationList;
			buildConfigurations = (
				E4DF1A8A2D0712DD00C24161 /* Debug */,
				E4DF1A8B2D0712DD00C24161 /* Release */,
			);
			defaultConfigurationIsVisible = 0;
			defaultConfigurationName = Release;
		};
		E4DF1A8C2D0712DD00C24161 /* Build configuration list for PBXNativeTarget "EngineeringToolsUITests" */ = {
			isa = XCConfigurationList;
			buildConfigurations = (
				E4DF1A8D2D0712DD00C24161 /* Debug */,
				E4DF1A8E2D0712DD00C24161 /* Release */,
			);
			defaultConfigurationIsVisible = 0;
			defaultConfigurationName = Release;
		};
/* End XCConfigurationList section */

/* Begin XCRemoteSwiftPackageReference section */
		E4DF1AA32D07188C00C24161 /* XCRemoteSwiftPackageReference "LaTeXSwiftUI" */ = {
			isa = XCRemoteSwiftPackageReference;
			repositoryURL = "https://github.com/colinc86/LaTeXSwiftUI";
			requirement = {
				kind = upToNextMajorVersion;
				minimumVersion = 1.3.2;
			};
		};
/* End XCRemoteSwiftPackageReference section */

/* Begin XCSwiftPackageProductDependency section */
		E4DF1AA42D07188C00C24161 /* LaTeXSwiftUI */ = {
			isa = XCSwiftPackageProductDependency;
			package = E4DF1AA32D07188C00C24161 /* XCRemoteSwiftPackageReference "LaTeXSwiftUI" */;
			productName = LaTeXSwiftUI;
		};
/* End XCSwiftPackageProductDependency section */
	};
	rootObject = E4DF1A5A2D0712DC00C24161 /* Project object */;
}
